{
    "_meta": {
        "hash": {
            "sha256": "8139181f894ed85b64eb77c44024dcdd80bb1c932d0c07b6d08be89d8a21c980"
        },
        "pipfile-spec": 6,
        "requires": {
            "python_version": "3"
        },
        "sources": [
            {
                "name": "pypi",
                "url": "https://pypi.org/simple",
                "verify_ssl": true
            }
        ]
    },
    "default": {
        "pyscard": {
            "hashes": [
                "sha256:13c3e108163fac4f1237804ed20c5b1eb1bd5d5ee3e96adb60bfb6b9122f528d",
                "sha256:2cdcf638dfb8deaf9be8216a2bdf8b1c30f8a04cb96031ab54b851f4d4cbc55c",
                "sha256:2d734d22c0bd54f29ce9589f02d2c43d0cd0a88a74f7f7a1c9dcd7c9193aa5b2",
                "sha256:be40eb1b897c8c110233c983ee7e91435ab4d18ad19b1c1a21f0d9e03883afbd",
                "sha256:f7748157d293f57688307f94d780c93bd3ceaf309b39b92a0af792bf1ddb82e7"
            ],
            "index": "pypi",
            "version": "==2.0.3"
        }
    },
    "develop": {}
}
